
Microsoft Visual Studio Solution File, Format Version 12.00
# Visual Studio Version 17
VisualStudioVersion = 17.6.33815.320
MinimumVisualStudioVersion = 10.0.40219.1
Project("{FAE04EC0-301F-11D3-BF4B-00C04F79EFBC}") = "SuperHeroAPI", "SuperHeroAPI\SuperHeroAPI.csproj", "{D66F3415-8DB9-4C70-A676-8A1F4D602AA1}"
EndProject
Global
	GlobalSection(SolutionConfigurationPlatforms) = preSolution
		Debug|Any CPU = Debug|Any CPU
		Release|Any CPU = Release|Any CPU
	EndGlobalSection
	GlobalSection(ProjectConfigurationPlatforms) = postSolution
		{D66F3415-8DB9-4C70-A676-8A1F4D602AA1}.Debug|Any CPU.ActiveCfg = Debug|Any CPU
		{D66F3415-8DB9-4C70-A676-8A1F4D602AA1}.Debug|Any CPU.Build.0 = Debug|Any CPU
		{D66F3415-8DB9-4C70-A676-8A1F4D602AA1}.Release|Any CPU.ActiveCfg = Release|Any CPU
		{D66F3415-8DB9-4C70-A676-8A1F4D602AA1}.Release|Any CPU.Build.0 = Release|Any CPU
	EndGlobalSection
	GlobalSection(SolutionProperties) = preSolution
		HideSolutionNode = FALSE
	EndGlobalSection
	GlobalSection(ExtensibilityGlobals) = postSolution
		SolutionGuid = {58C43799-8CF3-43AC-87F1-66DD58B53F9C}
	EndGlobalSection
EndGlobal
